{
    "_meta": {
        "hash": {
            "sha256": "051722bb0e6e3592b6146224f404df8dc61918959179286e4f28de4f53e8f2a0"
        },
        "pipfile-spec": 6,
        "requires": {
            "python_version": "3.10"
        },
        "sources": [
            {
                "name": "pypi",
                "url": "https://pypi.org/simple",
                "verify_ssl": true
            }
        ]
    },
    "default": {
        "numpy": {
            "hashes": [
                "sha256:043e83bfc274649c82a6f09836943e4a4aebe5e33656271c7dbf9621dd58b8ec",
                "sha256:160ccc1bed3a8371bf0d760971f09bfe80a3e18646620e9ded0ad159d9749baa",
                "sha256:188031f833bbb623637e66006cf75e933e00e7231f67e2b45cf8189612bb5dc3",
                "sha256:28f15209fb535dd4c504a7762d3bc440779b0e37d50ed810ced209e5cea60d96",
                "sha256:29fb3dcd0468b7715f8ce2c0c2d9bbbaf5ae686334951343a41bd8d155c6ea27",
                "sha256:2a6ee9620061b2a722749b391c0d80a0e2ae97290f1b32e28d5a362e21941ee4",
                "sha256:300321e3985c968e3ae7fbda187237b225f3ffe6528395a5b7a5407f73cf093e",
                "sha256:32437f0b275c1d09d9c3add782516413e98cd7c09e6baf4715cbce781fc29912",
                "sha256:3c09418a14471c7ae69ba682e2428cae5b4420a766659605566c0fa6987f6b7e",
                "sha256:49c6249260890e05b8111ebfc391ed58b3cb4b33e63197b2ec7f776e45330721",
                "sha256:4cc9b512e9fb590797474f58b7f6d1f1b654b3a94f4fa8558b48ca8b3cfc97cf",
                "sha256:508b0b513fa1266875524ba8a9ecc27b02ad771fe1704a16314dc1a816a68737",
                "sha256:50cd26b0cf6664cb3b3dd161ba0a09c9c1343db064e7c69f9f8b551f5104d654",
                "sha256:5c4193f70f8069550a1788bd0cd3268ab7d3a2b70583dfe3b2e7f421e9aace06",
                "sha256:5dfe9d6a4c39b8b6edd7990091fea4f852888e41919d0e6722fe78dd421db0eb",
                "sha256:63571bb7897a584ca3249c86dd01c10bcb5fe4296e3568b2e9c1a55356b6410e",
                "sha256:75621882d2230ab77fb6a03d4cbccd2038511491076e7964ef87306623aa5272",
                "sha256:75eb7cadc8da49302f5b659d40ba4f6d94d5045fbd9569c9d058e77b0514c9e4",
                "sha256:88a5d6b268e9ad18f3533e184744acdaa2e913b13148160b1152300c949bbb5f",
                "sha256:8a10968963640e75cc0193e1847616ab4c718e83b6938ae74dea44953950f6b7",
                "sha256:90bec6a86b348b4559b6482e2b684db4a9a7eed1fa054b86115a48d58fbbf62a",
                "sha256:98339aa9911853f131de11010f6dd94c8cec254d3d1f7261528c3b3e3219f139",
                "sha256:a99a6b067e5190ac6d12005a4d85aa6227c5606fa93211f86b1dafb16233e57d",
                "sha256:bffa2eee3b87376cc6b31eee36d05349571c236d1de1175b804b348dc0941e3f",
                "sha256:c6c2d535a7beb1f8790aaa98fd089ceab2e3dd7ca48aca0af7dc60e6ef93ffe1",
                "sha256:cc14e7519fab2a4ed87d31f99c31a3796e4e1fe63a86ebdd1c5a1ea78ebd5896",
                "sha256:dd0482f3fc547f1b1b5d6a8b8e08f63fdc250c58ce688dedd8851e6e26cff0f3",
                "sha256:dde972a1e11bb7b702ed0e447953e7617723760f420decb97305e66fb4afc54f",
                "sha256:e54af82d68ef8255535a6cdb353f55d6b8cf418a83e2be3569243787a4f4866f",
                "sha256:e606e6316911471c8d9b4618e082635cfe98876007556e89ce03d52ff5e8fcf0",
                "sha256:f41b018f126aac18583956c54544db437f25c7ee4794bcb23eb38bef8e5e192a",
                "sha256:f8f4625536926a155b80ad2bbff44f8cc59e9f2ad14cdda7acf4c135b4dc8ff2",
                "sha256:fe52dbe47d9deb69b05084abd4b0df7abb39a3c51957c09f635520abd49b29dd"
            ],
            "markers": "python_version < '3.11' and python_version >= '3.7'",
            "version": "==1.21.3"
        },
        "opencv-contrib-python": {
            "hashes": [
                "sha256:03da9db503a6d3efbbe9571afde51a266ca6a81bd37830998bebea067cda868a",
                "sha256:12267dce9c1bad35917cedb58e342391cc7e96279b2bfd964e347e390f317793",
                "sha256:14a9f0b7af354c076c89b3e07b69f3016dd4565173a827f2734a790131635118",
                "sha256:15245b8ad631883ad2f21dacc673a0e9d3ea95f22d9cc780206de7997e3e99b8",
                "sha256:17553cb3c63735fca76df1794fb5a4201d2eac17b9fba5870cc12b0554f3ba94",
                "sha256:1c57ece65b04a362c5bca2d32d9da46141c69d986e4c506546804d626d362f6b",
                "sha256:24dc02cf7b7df9172382d0a1277c923aa4c07264d3c08c74166f595d32220514",
                "sha256:25b772fa1bb2b66782032aa4ae4dd3deab6ecc7b9694786f3a6266f28b4a19ef",
                "sha256:2e6f82af06d4b23b88ffe1514831044f3e675b8495a173043c5ab95a6dfa8830",
                "sha256:31936b719bbfe53e31fb48bd9ef6a69fa3314dcbce2356bab927c26be0d21592",
                "sha256:332e3e946d718759f44517a1ce208dc26929b052a3fc381fe5051213b674c413",
                "sha256:4e8b8dc303c4ce3d9f7566e6b0481d2d741549f1f1fb2117ce0e1a84ecf806da",
                "sha256:64ecced839fa187311d5952d47f43ce1df5d4e7c8ec3825c1ecfb1ad8ca211e4",
                "sha256:66f9540a39e8cccded81432f4b4c497a874834957682d9ce858d119a4eecb8ce",
                "sha256:688fcdbca5e2ffff6183b85d4020aeb1f8f20fbccbcb3690095b6ef6ce1a2f9d",
                "sha256:6f4d63e22fa840ceeb1791bdbdfba675b569baea1790c19d91b45fc49653e55c",
                "sha256:73762774eff15eeea2be50ac495096bd8914b06e68d2dfc0842615512ad987c9",
                "sha256:768ba09db49e9257a8d99ddfc7b5398e894b3165e2490b0534f9ab0d2d52f275",
                "sha256:781c2a34bc2a33dbbe4bbd6305a58e944f3589afbcfe1d9573355f1ea0c9f3ad",
                "sha256:7f155587dfa46fcd2cdae2dce5ba502d62e6b41597389fbf0e3ab4024ed3e837",
                "sha256:934d778fc8c6f4d0c099f7912fea00027af279a6fd6cfeec91187f7f84be5f85",
                "sha256:982e2640bd56fc9785ded175f3c9b451e5c7db05dc7995f13907682ade622ba7",
                "sha256:999928cb489f4d26a91ae7359774d334ecbe96476b25b71381ba5c381ccb4af6",
                "sha256:9f6baabe9db9e1a02923bb2405d7cc0e1a26bb7c53bb4802474422486f96becc",
                "sha256:a80de83d6165c29efbf51da7695a4fb4da14230ea261497d3ac82e13026c3549",
                "sha256:cbd416c4f097821d8e51a42fba34d97e5697b4877d1718dee4ca9369dbc45adf",
                "sha256:ceaf476cb7affec857097bd811d12be7677f259e61dcbce4d5bb455524c9db46",
                "sha256:e51959db5b1b2a7fa657150f256509baa279a2570818832aa0c6553ad1d83539",
                "sha256:f202b4967c99edbf1844636975b58ca3148019cf01343098b72b55ad6aef2bfd",
                "sha256:fb4e7d273f76c01ed36a83d2be0ee2e17f1aab0b2526303c8fd5b617eed8016a"
            ],
            "index": "pypi",
            "version": "==4.5.4.58"
        }
    },
    "develop": {}
}
